
Microsoft Visual Studio Solution File, Format Version 12.00
# Visual Studio Version 17
VisualStudioVersion = 17.11.35303.130
MinimumVisualStudioVersion = 10.0.40219.1
Project("{2150E333-8FDC-42A3-9474-1A3956D46DE8}") = "Task0", "Task0", "{841B4E29-D3C9-4D52-B55C-E4744FAF5C31}"
EndProject
Project("{9A19103F-16F7-4668-BE54-9A1E7A4F7556}") = "Tyuiu.BaldinAA.Sprint0.Task0.V0", "Tyuiu.BaldinAA.Sprint0.Task0.V0\Tyuiu.BaldinAA.Sprint0.Task0.V0.csproj", "{7C73AFF4-9249-492E-95C0-88C2D4C90183}"
EndProject
Project("{2150E333-8FDC-42A3-9474-1A3956D46DE8}") = "Task1", "Task1", "{4C3F7541-A663-4A37-A798-77BAE48709E5}"
EndProject
Project("{9A19103F-16F7-4668-BE54-9A1E7A4F7556}") = "Tyuiu.BaldinAA.Sprint0.Task1.V0", "Tyuiu.BaldinAA.Sprint0.Task1.V0\Tyuiu.BaldinAA.Sprint0.Task1.V0.csproj", "{025E3F44-6C94-4A01-A5E1-6DADFEEC9F5E}"
EndProject
Project("{2150E333-8FDC-42A3-9474-1A3956D46DE8}") = "Task2", "Task2", "{374366F9-3B7C-42F7-BBEF-83343D25C248}"
EndProject
Project("{9A19103F-16F7-4668-BE54-9A1E7A4F7556}") = "Tyuiu.BaldinAA.Sprint0.Task2.0", "Tyuiu.BaldinAA.Sprint0.Task2.0\Tyuiu.BaldinAA.Sprint0.Task2.0.csproj", "{F46649A0-3582-4244-9572-83F255CA31B4}"
EndProject
Project("{9A19103F-16F7-4668-BE54-9A1E7A4F7556}") = "Tyuiu.BaldinAA.Sprint0.Task2.V0.Lib", "Tyuiu.BaldinAA.Sprint0.Task2.V0.Lib\Tyuiu.BaldinAA.Sprint0.Task2.V0.Lib.csproj", "{44B19F7D-6BEA-4FCA-8E29-2F0E7E7B61D7}"
EndProject
Project("{9A19103F-16F7-4668-BE54-9A1E7A4F7556}") = "Tyuiu.BaldinAA.Sprint0.Task2.V0.Test", "Tyuiu.BaldinAA.Sprint0.Task2.V0.Test\Tyuiu.BaldinAA.Sprint0.Task2.V0.Test.csproj", "{8B1323B9-7DA4-4E89-833E-C39823E453A5}"
EndProject
Project("{2150E333-8FDC-42A3-9474-1A3956D46DE8}") = "Task3", "Task3", "{25689036-FCBB-4E68-B8D6-F74EDFBC5897}"
EndProject
Project("{9A19103F-16F7-4668-BE54-9A1E7A4F7556}") = "Tyuiu.BaldinAA.Sprint0.Task3.V0", "Tyuiu.BaldinAA.Sprint0.Task3.V0\Tyuiu.BaldinAA.Sprint0.Task3.V0.csproj", "{6BA2240C-A8EE-415F-BA24-DA01E18A5FF7}"
EndProject
Project("{9A19103F-16F7-4668-BE54-9A1E7A4F7556}") = "Tyuiu.BaldinAA.Sprint0.Task3.V0.Test", "Tyuiu.BaldinAA.Sprint0.Task3.V0.Test\Tyuiu.BaldinAA.Sprint0.Task3.V0.Test.csproj", "{817062A4-741A-4530-9553-73D24F4C0E8E}"
EndProject
Project("{9A19103F-16F7-4668-BE54-9A1E7A4F7556}") = "Tyuiu.BaldinAA.Sprint0.Task3.V0.Lib", "Tyuiu.BaldinAA.Sprint0.Task3.V0.Lib\Tyuiu.BaldinAA.Sprint0.Task3.V0.Lib.csproj", "{0255D84C-7C58-4F59-9F88-FD1222BB86AA}"
EndProject
Project("{2150E333-8FDC-42A3-9474-1A3956D46DE8}") = "Task4", "Task4", "{79964051-267A-4D3C-97B1-25E413F73E05}"
EndProject
Project("{FAE04EC0-301F-11D3-BF4B-00C04F79EFBC}") = "Tyuiu.BaldinAA.Sprint0.Task4.V0", "Tyuiu.BaldinAA.Sprint0.Task4.V0\Tyuiu.BaldinAA.Sprint0.Task4.V0.csproj", "{335D8948-FDD8-48C6-BC5B-B40021A51756}"
EndProject
Project("{FAE04EC0-301F-11D3-BF4B-00C04F79EFBC}") = "Tyuiu.BaldinAA.Sprint0.Task4.V0.Test", "Tyuiu.BaldinAA.Sprint0.Task4.V0.Test\Tyuiu.BaldinAA.Sprint0.Task4.V0.Test.csproj", "{D0EB4A02-A658-4C82-BAE4-C69E766FD198}"
EndProject
Project("{FAE04EC0-301F-11D3-BF4B-00C04F79EFBC}") = "Tyuiu.BaldinAA.Sprint0.Task4.V0.Lib", "Tyuiu.BaldinAA.Sprint0.Task4.V0.Lib\Tyuiu.BaldinAA.Sprint0.Task4.V0.Lib.csproj", "{87588EDA-C42C-43C6-AD53-119075E8B6A7}"
EndProject
Project("{2150E333-8FDC-42A3-9474-1A3956D46DE8}") = "Task5", "Task5", "{44471277-E3F5-44F1-8B3A-42B67FFE8199}"
EndProject
Project("{FAE04EC0-301F-11D3-BF4B-00C04F79EFBC}") = "Tyuiu.BaldinAA.Sprint0.Task5.V0", "Tyuiu.BaldinAA.Sprint0.Task5.V0\Tyuiu.BaldinAA.Sprint0.Task5.V0.csproj", "{EFDAB33A-6DC5-43DA-AC7C-0F5E0CF3E749}"
EndProject
Project("{FAE04EC0-301F-11D3-BF4B-00C04F79EFBC}") = "Tyuiu.BaldinAA.Sprint0.Task5.V0.Lib", "Tyuiu.BaldinAA.Sprint0.Task5.V0.Lib\Tyuiu.BaldinAA.Sprint0.Task5.V0.Lib.csproj", "{C1CDDBCB-DC5C-4DE4-A8DE-7E59CC93462C}"
EndProject
Project("{FAE04EC0-301F-11D3-BF4B-00C04F79EFBC}") = "Tyuiu.BaldinAA.Sprint0.Task5.V0.Test", "Tyuiu.BaldinAA.Sprint0.Task5.V0.Test\Tyuiu.BaldinAA.Sprint0.Task5.V0.Test.csproj", "{F4F26B59-B4D1-4699-AE53-0357579961D4}"
EndProject
Global
	GlobalSection(SolutionConfigurationPlatforms) = preSolution
		Debug|Any CPU = Debug|Any CPU
		Release|Any CPU = Release|Any CPU
	EndGlobalSection
	GlobalSection(ProjectConfigurationPlatforms) = postSolution
		{7C73AFF4-9249-492E-95C0-88C2D4C90183}.Debug|Any CPU.ActiveCfg = Debug|Any CPU
		{7C73AFF4-9249-492E-95C0-88C2D4C90183}.Debug|Any CPU.Build.0 = Debug|Any CPU
		{7C73AFF4-9249-492E-95C0-88C2D4C90183}.Release|Any CPU.ActiveCfg = Release|Any CPU
		{7C73AFF4-9249-492E-95C0-88C2D4C90183}.Release|Any CPU.Build.0 = Release|Any CPU
		{025E3F44-6C94-4A01-A5E1-6DADFEEC9F5E}.Debug|Any CPU.ActiveCfg = Debug|Any CPU
		{025E3F44-6C94-4A01-A5E1-6DADFEEC9F5E}.Debug|Any CPU.Build.0 = Debug|Any CPU
		{025E3F44-6C94-4A01-A5E1-6DADFEEC9F5E}.Release|Any CPU.ActiveCfg = Release|Any CPU
		{025E3F44-6C94-4A01-A5E1-6DADFEEC9F5E}.Release|Any CPU.Build.0 = Release|Any CPU
		{F46649A0-3582-4244-9572-83F255CA31B4}.Debug|Any CPU.ActiveCfg = Debug|Any CPU
		{F46649A0-3582-4244-9572-83F255CA31B4}.Debug|Any CPU.Build.0 = Debug|Any CPU
		{F46649A0-3582-4244-9572-83F255CA31B4}.Release|Any CPU.ActiveCfg = Release|Any CPU
		{F46649A0-3582-4244-9572-83F255CA31B4}.Release|Any CPU.Build.0 = Release|Any CPU
		{44B19F7D-6BEA-4FCA-8E29-2F0E7E7B61D7}.Debug|Any CPU.ActiveCfg = Debug|Any CPU
		{44B19F7D-6BEA-4FCA-8E29-2F0E7E7B61D7}.Debug|Any CPU.Build.0 = Debug|Any CPU
		{44B19F7D-6BEA-4FCA-8E29-2F0E7E7B61D7}.Release|Any CPU.ActiveCfg = Release|Any CPU
		{44B19F7D-6BEA-4FCA-8E29-2F0E7E7B61D7}.Release|Any CPU.Build.0 = Release|Any CPU
		{8B1323B9-7DA4-4E89-833E-C39823E453A5}.Debug|Any CPU.ActiveCfg = Debug|Any CPU
		{8B1323B9-7DA4-4E89-833E-C39823E453A5}.Debug|Any CPU.Build.0 = Debug|Any CPU
		{8B1323B9-7DA4-4E89-833E-C39823E453A5}.Release|Any CPU.ActiveCfg = Release|Any CPU
		{8B1323B9-7DA4-4E89-833E-C39823E453A5}.Release|Any CPU.Build.0 = Release|Any CPU
		{6BA2240C-A8EE-415F-BA24-DA01E18A5FF7}.Debug|Any CPU.ActiveCfg = Debug|Any CPU
		{6BA2240C-A8EE-415F-BA24-DA01E18A5FF7}.Debug|Any CPU.Build.0 = Debug|Any CPU
		{6BA2240C-A8EE-415F-BA24-DA01E18A5FF7}.Release|Any CPU.ActiveCfg = Release|Any CPU
		{6BA2240C-A8EE-415F-BA24-DA01E18A5FF7}.Release|Any CPU.Build.0 = Release|Any CPU
		{817062A4-741A-4530-9553-73D24F4C0E8E}.Debug|Any CPU.ActiveCfg = Debug|Any CPU
		{817062A4-741A-4530-9553-73D24F4C0E8E}.Debug|Any CPU.Build.0 = Debug|Any CPU
		{817062A4-741A-4530-9553-73D24F4C0E8E}.Release|Any CPU.ActiveCfg = Release|Any CPU
		{817062A4-741A-4530-9553-73D24F4C0E8E}.Release|Any CPU.Build.0 = Release|Any CPU
		{0255D84C-7C58-4F59-9F88-FD1222BB86AA}.Debug|Any CPU.ActiveCfg = Debug|Any CPU
		{0255D84C-7C58-4F59-9F88-FD1222BB86AA}.Debug|Any CPU.Build.0 = Debug|Any CPU
		{0255D84C-7C58-4F59-9F88-FD1222BB86AA}.Release|Any CPU.ActiveCfg = Release|Any CPU
		{0255D84C-7C58-4F59-9F88-FD1222BB86AA}.Release|Any CPU.Build.0 = Release|Any CPU
		{335D8948-FDD8-48C6-BC5B-B40021A51756}.Debug|Any CPU.ActiveCfg = Debug|Any CPU
		{335D8948-FDD8-48C6-BC5B-B40021A51756}.Debug|Any CPU.Build.0 = Debug|Any CPU
		{335D8948-FDD8-48C6-BC5B-B40021A51756}.Release|Any CPU.ActiveCfg = Release|Any CPU
		{335D8948-FDD8-48C6-BC5B-B40021A51756}.Release|Any CPU.Build.0 = Release|Any CPU
		{D0EB4A02-A658-4C82-BAE4-C69E766FD198}.Debug|Any CPU.ActiveCfg = Debug|Any CPU
		{D0EB4A02-A658-4C82-BAE4-C69E766FD198}.Debug|Any CPU.Build.0 = Debug|Any CPU
		{D0EB4A02-A658-4C82-BAE4-C69E766FD198}.Release|Any CPU.ActiveCfg = Release|Any CPU
		{D0EB4A02-A658-4C82-BAE4-C69E766FD198}.Release|Any CPU.Build.0 = Release|Any CPU
		{87588EDA-C42C-43C6-AD53-119075E8B6A7}.Debug|Any CPU.ActiveCfg = Debug|Any CPU
		{87588EDA-C42C-43C6-AD53-119075E8B6A7}.Debug|Any CPU.Build.0 = Debug|Any CPU
		{87588EDA-C42C-43C6-AD53-119075E8B6A7}.Release|Any CPU.ActiveCfg = Release|Any CPU
		{87588EDA-C42C-43C6-AD53-119075E8B6A7}.Release|Any CPU.Build.0 = Release|Any CPU
		{EFDAB33A-6DC5-43DA-AC7C-0F5E0CF3E749}.Debug|Any CPU.ActiveCfg = Debug|Any CPU
		{EFDAB33A-6DC5-43DA-AC7C-0F5E0CF3E749}.Debug|Any CPU.Build.0 = Debug|Any CPU
		{EFDAB33A-6DC5-43DA-AC7C-0F5E0CF3E749}.Release|Any CPU.ActiveCfg = Release|Any CPU
		{EFDAB33A-6DC5-43DA-AC7C-0F5E0CF3E749}.Release|Any CPU.Build.0 = Release|Any CPU
		{C1CDDBCB-DC5C-4DE4-A8DE-7E59CC93462C}.Debug|Any CPU.ActiveCfg = Debug|Any CPU
		{C1CDDBCB-DC5C-4DE4-A8DE-7E59CC93462C}.Debug|Any CPU.Build.0 = Debug|Any CPU
		{C1CDDBCB-DC5C-4DE4-A8DE-7E59CC93462C}.Release|Any CPU.ActiveCfg = Release|Any CPU
		{C1CDDBCB-DC5C-4DE4-A8DE-7E59CC93462C}.Release|Any CPU.Build.0 = Release|Any CPU
		{F4F26B59-B4D1-4699-AE53-0357579961D4}.Debug|Any CPU.ActiveCfg = Debug|Any CPU
		{F4F26B59-B4D1-4699-AE53-0357579961D4}.Debug|Any CPU.Build.0 = Debug|Any CPU
		{F4F26B59-B4D1-4699-AE53-0357579961D4}.Release|Any CPU.ActiveCfg = Release|Any CPU
		{F4F26B59-B4D1-4699-AE53-0357579961D4}.Release|Any CPU.Build.0 = Release|Any CPU
	EndGlobalSection
	GlobalSection(SolutionProperties) = preSolution
		HideSolutionNode = FALSE
	EndGlobalSection
	GlobalSection(NestedProjects) = preSolution
		{7C73AFF4-9249-492E-95C0-88C2D4C90183} = {841B4E29-D3C9-4D52-B55C-E4744FAF5C31}
		{025E3F44-6C94-4A01-A5E1-6DADFEEC9F5E} = {4C3F7541-A663-4A37-A798-77BAE48709E5}
		{F46649A0-3582-4244-9572-83F255CA31B4} = {374366F9-3B7C-42F7-BBEF-83343D25C248}
		{44B19F7D-6BEA-4FCA-8E29-2F0E7E7B61D7} = {374366F9-3B7C-42F7-BBEF-83343D25C248}
		{8B1323B9-7DA4-4E89-833E-C39823E453A5} = {374366F9-3B7C-42F7-BBEF-83343D25C248}
		{6BA2240C-A8EE-415F-BA24-DA01E18A5FF7} = {25689036-FCBB-4E68-B8D6-F74EDFBC5897}
		{817062A4-741A-4530-9553-73D24F4C0E8E} = {25689036-FCBB-4E68-B8D6-F74EDFBC5897}
		{0255D84C-7C58-4F59-9F88-FD1222BB86AA} = {25689036-FCBB-4E68-B8D6-F74EDFBC5897}
		{335D8948-FDD8-48C6-BC5B-B40021A51756} = {79964051-267A-4D3C-97B1-25E413F73E05}
		{D0EB4A02-A658-4C82-BAE4-C69E766FD198} = {79964051-267A-4D3C-97B1-25E413F73E05}
		{87588EDA-C42C-43C6-AD53-119075E8B6A7} = {79964051-267A-4D3C-97B1-25E413F73E05}
		{EFDAB33A-6DC5-43DA-AC7C-0F5E0CF3E749} = {44471277-E3F5-44F1-8B3A-42B67FFE8199}
		{C1CDDBCB-DC5C-4DE4-A8DE-7E59CC93462C} = {44471277-E3F5-44F1-8B3A-42B67FFE8199}
		{F4F26B59-B4D1-4699-AE53-0357579961D4} = {44471277-E3F5-44F1-8B3A-42B67FFE8199}
	EndGlobalSection
	GlobalSection(ExtensibilityGlobals) = postSolution
		SolutionGuid = {19832F90-5705-445A-8DAA-4D7CDEEED34E}
	EndGlobalSection
EndGlobal
